// !$*UTF8*$!
{
	archiveVersion = 1;
	classes = {
	};
	objectVersion = 46;
	objects = {

/* Begin PBXBuildFile section */
		186880911E007C1900FEBBC8 /* libGLEW.a in Frameworks */ = {isa = PBXBuildFile; fileRef = 186880901E007C1900FEBBC8 /* libGLEW.a */; };
		189EF50F1DFE891C00D648E6 /* main.cpp in Sources */ = {isa = PBXBuildFile; fileRef = 189EF50E1DFE891C00D648E6 /* main.cpp */; };
		189EF5171DFE8BBD00D648E6 /* OpenGL.framework in Frameworks */ = {isa = PBXBuildFile; fileRef = 189EF5161DFE8BBD00D648E6 /* OpenGL.framework */; };
		189EF5331DFF70D900D648E6 /* libglfw3.3.2.dylib in Frameworks */ = {isa = PBXBuildFile; fileRef = 189EF5321DFF70D900D648E6 /* libglfw3.3.2.dylib */; };
/* End PBXBuildFile section */

/* Begin PBXCopyFilesBuildPhase section */
		189EF5091DFE891C00D648E6 /* CopyFiles */ = {
			isa = PBXCopyFilesBuildPhase;
			buildActionMask = 2147483647;
			dstPath = /usr/share/man/man1/;
			dstSubfolderSpec = 0;
			files = (
			);
			runOnlyForDeploymentPostprocessing = 1;
		};
/* End PBXCopyFilesBuildPhase section */

/* Begin PBXFileReference section */
		186880901E007C1900FEBBC8 /* libGLEW.a */ = {isa = PBXFileReference; lastKnownFileType = archive.ar; name = libGLEW.a; path = ../../../../../usr/local/Cellar/glew/2.0.0/lib/libGLEW.a; sourceTree = "<group>"; };
		189EF50B1DFE891C00D648E6 /* open.gl_learn_1 */ = {isa = PBXFileReference; explicitFileType = "compiled.mach-o.executable"; includeInIndex = 0; path = open.gl_learn_1; sourceTree = BUILT_PRODUCTS_DIR; };
		189EF50E1DFE891C00D648E6 /* main.cpp */ = {isa = PBXFileReference; lastKnownFileType = sourcecode.cpp.cpp; path = main.cpp; sourceTree = "<group>"; };
		189EF5161DFE8BBD00D648E6 /* OpenGL.framework */ = {isa = PBXFileReference; lastKnownFileType = wrapper.framework; name = OpenGL.framework; path = System/Library/Frameworks/OpenGL.framework; sourceTree = SDKROOT; };
		189EF5321DFF70D900D648E6 /* libglfw3.3.2.dylib */ = {isa = PBXFileReference; lastKnownFileType = "compiled.mach-o.dylib"; name = libglfw3.3.2.dylib; path = ../../../../../usr/local/Cellar/glfw/3.2.1/lib/libglfw3.3.2.dylib; sourceTree = "<group>"; };
/* End PBXFileReference section */

/* Begin PBXFrameworksBuildPhase section */
		189EF5081DFE891C00D648E6 /* Frameworks */ = {
			isa = PBXFrameworksBuildPhase;
			buildActionMask = 2147483647;
			files = (
				186880911E007C1900FEBBC8 /* libGLEW.a in Frameworks */,
				189EF5331DFF70D900D648E6 /* libglfw3.3.2.dylib in Frameworks */,
				189EF5171DFE8BBD00D648E6 /* OpenGL.framework in Frameworks */,
			);
			runOnlyForDeploymentPostprocessing = 0;
		};
/* End PBXFrameworksBuildPhase section */

/* Begin PBXGroup section */
		189EF5021DFE891C00D648E6 = {
			isa = PBXGroup;
			children = (
				189EF50D1DFE891C00D648E6 /* open.gl_learn_1 */,
				189EF50C1DFE891C00D648E6 /* Products */,
				189EF5151DFE8BBD00D648E6 /* Frameworks */,
			);
			sourceTree = "<group>";
		};
		189EF50C1DFE891C00D648E6 /* Products */ = {
			isa = PBXGroup;
			children = (
				189EF50B1DFE891C00D648E6 /* open.gl_learn_1 */,
			);
			name = Products;
			sourceTree = "<group>";
		};
		189EF50D1DFE891C00D648E6 /* open.gl_learn_1 */ = {
			isa = PBXGroup;
			children = (
				189EF50E1DFE891C00D648E6 /* main.cpp */,
			);
			path = open.gl_learn_1;
			sourceTree = "<group>";
		};
		189EF5151DFE8BBD00D648E6 /* Frameworks */ = {
			isa = PBXGroup;
			children = (
				186880901E007C1900FEBBC8 /* libGLEW.a */,
				189EF5321DFF70D900D648E6 /* libglfw3.3.2.dylib */,
				189EF5161DFE8BBD00D648E6 /* OpenGL.framework */,
			);
			name = Frameworks;
			sourceTree = "<group>";
		};
/* End PBXGroup section */

/* Begin PBXNativeTarget section */
		189EF50A1DFE891C00D648E6 /* open.gl_learn_1 */ = {
			isa = PBXNativeTarget;
			buildConfigurationList = 189EF5121DFE891C00D648E6 /* Build configuration list for PBXNativeTarget "open.gl_learn_1" */;
			buildPhases = (
				189EF5071DFE891C00D648E6 /* Sources */,
				189EF5081DFE891C00D648E6 /* Frameworks */,
				189EF5091DFE891C00D648E6 /* CopyFiles */,
			);
			buildRules = (
			);
			dependencies = (
			);
			name = open.gl_learn_1;
			productName = open.gl_learn_1;
			productReference = 189EF50B1DFE891C00D648E6 /* open.gl_learn_1 */;
			productType = "com.apple.product-type.tool";
		};
/* End PBXNativeTarget section */

/* Begin PBXProject section */
		189EF5031DFE891C00D648E6 /* Project object */ = {
			isa = PBXProject;
			attributes = {
				LastUpgradeCheck = 0810;
				ORGANIZATIONNAME = apple;
				TargetAttributes = {
					189EF50A1DFE891C00D648E6 = {
						CreatedOnToolsVersion = 8.1;
						ProvisioningStyle = Automatic;
					};
				};
			};
			buildConfigurationList = 189EF5061DFE891C00D648E6 /* Build configuration list for PBXProject "open.gl_learn_1" */;
			compatibilityVersion = "Xcode 3.2";
			developmentRegion = English;
			hasScannedForEncodings = 0;
			knownRegions = (
				en,
			);
			mainGroup = 189EF5021DFE891C00D648E6;
			productRefGroup = 189EF50C1DFE891C00D648E6 /* Products */;
			projectDirPath = "";
			projectRoot = "";
			targets = (
				189EF50A1DFE891C00D648E6 /* open.gl_learn_1 */,
			);
		};
/* End PBXProject section */

/* Begin PBXSourcesBuildPhase section */
		189EF5071DFE891C00D648E6 /* Sources */ = {
			isa = PBXSourcesBuildPhase;
			buildActionMask = 2147483647;
			files = (
				189EF50F1DFE891C00D648E6 /* main.cpp in Sources */,
			);
			runOnlyForDeploymentPostprocessing = 0;
		};
/* End PBXSourcesBuildPhase section */

/* Begin XCBuildConfiguration section */
		189EF5101DFE891C00D648E6 /* Debug */ = {
			isa = XCBuildConfiguration;
			buildSettings = {
				ALWAYS_SEARCH_USER_PATHS = NO;
				CLANG_ANALYZER_NONNULL = YES;
				CLANG_CXX_LANGUAGE_STANDARD = "gnu++0x";
				CLANG_CXX_LIBRARY = "libc++";
				CLANG_ENABLE_MODULES = YES;
				CLANG_ENABLE_OBJC_ARC = YES;
				CLANG_WARN_BOOL_CONVERSION = YES;
				CLANG_WARN_CONSTANT_CONVERSION = YES;
				CLANG_WARN_DIRECT_OBJC_ISA_USAGE = YES_ERROR;
				CLANG_WARN_DOCUMENTATION_COMMENTS = YES;
				CLANG_WARN_EMPTY_BODY = YES;
				CLANG_WARN_ENUM_CONVERSION = YES;
				CLANG_WARN_INFINITE_RECURSION = YES;
				CLANG_WARN_INT_CONVERSION = YES;
				CLANG_WARN_OBJC_ROOT_CLASS = YES_ERROR;
				CLANG_WARN_SUSPICIOUS_MOVES = YES;
				CLANG_WARN_UNREACHABLE_CODE = YES;
				CLANG_WARN__DUPLICATE_METHOD_MATCH = YES;
				CODE_SIGN_IDENTITY = "-";
				COPY_PHASE_STRIP = NO;
				DEBUG_INFORMATION_FORMAT = dwarf;
				ENABLE_STRICT_OBJC_MSGSEND = YES;
				ENABLE_TESTABILITY = YES;
				GCC_C_LANGUAGE_STANDARD = gnu99;
				GCC_DYNAMIC_NO_PIC = NO;
				GCC_NO_COMMON_BLOCKS = YES;
				GCC_OPTIMIZATION_LEVEL = 0;
				GCC_PREPROCESSOR_DEFINITIONS = (
					"DEBUG=1",
					"$(inherited)",
				);
				GCC_WARN_64_TO_32_BIT_CONVERSION = YES;
				GCC_WARN_ABOUT_RETURN_TYPE = YES_ERROR;
				GCC_WARN_UNDECLARED_SELECTOR = YES;
				GCC_WARN_UNINITIALIZED_AUTOS = YES_AGGRESSIVE;
				GCC_WARN_UNUSED_FUNCTION = YES;
				GCC_WARN_UNUSED_VARIABLE = YES;
				MACOSX_DEPLOYMENT_TARGET = 10.12;
				MTL_ENABLE_DEBUG_INFO = YES;
				ONLY_ACTIVE_ARCH = YES;
				SDKROOT = macosx;
			};
			name = Debug;
		};
		189EF5111DFE891C00D648E6 /* Release */ = {
			isa = XCBuildConfiguration;
			buildSettings = {
				ALWAYS_SEARCH_USER_PATHS = NO;
				CLANG_ANALYZER_NONNULL = YES;
				CLANG_CXX_LANGUAGE_STANDARD = "gnu++0x";
				CLANG_CXX_LIBRARY = "libc++";
				CLANG_ENABLE_MODULES = YES;
				CLANG_ENABLE_OBJC_ARC = YES;
				CLANG_WARN_BOOL_CONVERSION = YES;
				CLANG_WARN_CONSTANT_CONVERSION = YES;
				CLANG_WARN_DIRECT_OBJC_ISA_USAGE = YES_ERROR;
				CLANG_WARN_DOCUMENTATION_COMMENTS = YES;
				CLANG_WARN_EMPTY_BODY = YES;
				CLANG_WARN_ENUM_CONVERSION = YES;
				CLANG_WARN_INFINITE_RECURSION = YES;
				CLANG_WARN_INT_CONVERSION = YES;
				CLANG_WARN_OBJC_ROOT_CLASS = YES_ERROR;
				CLANG_WARN_SUSPICIOUS_MOVES = YES;
				CLANG_WARN_UNREACHABLE_CODE = YES;
				CLANG_WARN__DUPLICATE_METHOD_MATCH = YES;
				CODE_SIGN_IDENTITY = "-";
				COPY_PHASE_STRIP = NO;
				DEBUG_INFORMATION_FORMAT = "dwarf-with-dsym";
				ENABLE_NS_ASSERTIONS = NO;
				ENABLE_STRICT_OBJC_MSGSEND = YES;
				GCC_C_LANGUAGE_STANDARD = gnu99;
				GCC_NO_COMMON_BLOCKS = YES;
				GCC_WARN_64_TO_32_BIT_CONVERSION = YES;
				GCC_WARN_ABOUT_RETURN_TYPE = YES_ERROR;
				GCC_WARN_UNDECLARED_SELECTOR = YES;
				GCC_WARN_UNINITIALIZED_AUTOS = YES_AGGRESSIVE;
				GCC_WARN_UNUSED_FUNCTION = YES;
				GCC_WARN_UNUSED_VARIABLE = YES;
				MACOSX_DEPLOYMENT_TARGET = 10.12;
				MTL_ENABLE_DEBUG_INFO = NO;
				SDKROOT = macosx;
			};
			name = Release;
		};
		189EF5131DFE891C00D648E6 /* Debug */ = {
			isa = XCBuildConfiguration;
			buildSettings = {
				HEADER_SEARCH_PATHS = (
					/usr/local/Cellar/glfw/3.2.1/include,
					/usr/local/include,
				);
				LIBRARY_SEARCH_PATHS = (
					"$(inherited)",
					/usr/local/Cellar/glfw/3.2.1/lib,
					/usr/local/Cellar/glew/2.0.0/lib,
				);
				PRODUCT_NAME = "$(TARGET_NAME)";
			};
			name = Debug;
		};
		189EF5141DFE891C00D648E6 /* Release */ = {
			isa = XCBuildConfiguration;
			buildSettings = {
				HEADER_SEARCH_PATHS = (
					/usr/local/Cellar/glfw/3.2.1/include,
					/usr/local/include,
				);
				LIBRARY_SEARCH_PATHS = (
					"$(inherited)",
					/usr/local/Cellar/glfw/3.2.1/lib,
					/usr/local/Cellar/glew/2.0.0/lib,
				);
				PRODUCT_NAME = "$(TARGET_NAME)";
			};
			name = Release;
		};
/* End XCBuildConfiguration section */

/* Begin XCConfigurationList section */
		189EF5061DFE891C00D648E6 /* Build configuration list for PBXProject "open.gl_learn_1" */ = {
			isa = XCConfigurationList;
			buildConfigurations = (
				189EF5101DFE891C00D648E6 /* Debug */,
				189EF5111DFE891C00D648E6 /* Release */,
			);
			defaultConfigurationIsVisible = 0;
			defaultConfigurationName = Release;
		};
		189EF5121DFE891C00D648E6 /* Build configuration list for PBXNativeTarget "open.gl_learn_1" */ = {
			isa = XCConfigurationList;
			buildConfigurations = (
				189EF5131DFE891C00D648E6 /* Debug */,
				189EF5141DFE891C00D648E6 /* Release */,
			);
			defaultConfigurationIsVisible = 0;
			defaultConfigurationName = Release;
		};
/* End XCConfigurationList section */
	};
	rootObject = 189EF5031DFE891C00D648E6 /* Project object */;
}
